
Microsoft Visual Studio Solution File, Format Version 12.00
# Visual Studio Version 17
VisualStudioVersion = 17.1.32319.34
MinimumVisualStudioVersion = 10.0.40219.1
Project("{2150E333-8FDC-42A3-9474-1A3956D46DE8}") = "src", "src", "{F7FD621D-3439-4730-9218-6F2D8588676D}"
EndProject
Project("{9A19103F-16F7-4668-BE54-9A1E7A4F7556}") = "Api", "src\Api\Api.csproj", "{7C488B06-FA91-4679-BE42-87B0AAE8FA7D}"
EndProject
Project("{9A19103F-16F7-4668-BE54-9A1E7A4F7556}") = "Domain", "src\Domain\Domain.csproj", "{4A4CC903-D500-4977-90D5-4DEB0AF438AB}"
EndProject
Project("{9A19103F-16F7-4668-BE54-9A1E7A4F7556}") = "Application", "src\Application\Application.csproj", "{3911920F-4B27-4327-BA70-B52D73E23B65}"
EndProject
Project("{FAE04EC0-301F-11D3-BF4B-00C04F79EFBC}") = "Infrastructure", "src\Infrastructure\Infrastructure.csproj", "{BCD00A55-92DC-42C2-9752-912DF3E0DCA1}"
EndProject
Project("{2150E333-8FDC-42A3-9474-1A3956D46DE8}") = "SolutionItems", "SolutionItems", "{CFDA41D3-0215-4718-839E-126721BC0D13}"
	ProjectSection(SolutionItems) = preProject
		Dockerfile = Dockerfile
		Readme.md = Readme.md
	EndProjectSection
EndProject
Project("{2150E333-8FDC-42A3-9474-1A3956D46DE8}") = "Shared", "Shared", "{68F9D9D2-0E09-4895-AA5B-39D978747224}"
EndProject
Project("{FAE04EC0-301F-11D3-BF4B-00C04F79EFBC}") = "Dto", "src\Shared\Dto\Dto.csproj", "{20EF4E19-F97D-4A2B-B00C-C2CA052A0AD5}"
EndProject
Global
	GlobalSection(SolutionConfigurationPlatforms) = preSolution
		Debug|Any CPU = Debug|Any CPU
		Release|Any CPU = Release|Any CPU
	EndGlobalSection
	GlobalSection(ProjectConfigurationPlatforms) = postSolution
		{7C488B06-FA91-4679-BE42-87B0AAE8FA7D}.Debug|Any CPU.ActiveCfg = Debug|Any CPU
		{7C488B06-FA91-4679-BE42-87B0AAE8FA7D}.Debug|Any CPU.Build.0 = Debug|Any CPU
		{7C488B06-FA91-4679-BE42-87B0AAE8FA7D}.Release|Any CPU.ActiveCfg = Release|Any CPU
		{7C488B06-FA91-4679-BE42-87B0AAE8FA7D}.Release|Any CPU.Build.0 = Release|Any CPU
		{4A4CC903-D500-4977-90D5-4DEB0AF438AB}.Debug|Any CPU.ActiveCfg = Debug|Any CPU
		{4A4CC903-D500-4977-90D5-4DEB0AF438AB}.Debug|Any CPU.Build.0 = Debug|Any CPU
		{4A4CC903-D500-4977-90D5-4DEB0AF438AB}.Release|Any CPU.ActiveCfg = Release|Any CPU
		{4A4CC903-D500-4977-90D5-4DEB0AF438AB}.Release|Any CPU.Build.0 = Release|Any CPU
		{3911920F-4B27-4327-BA70-B52D73E23B65}.Debug|Any CPU.ActiveCfg = Debug|Any CPU
		{3911920F-4B27-4327-BA70-B52D73E23B65}.Debug|Any CPU.Build.0 = Debug|Any CPU
		{3911920F-4B27-4327-BA70-B52D73E23B65}.Release|Any CPU.ActiveCfg = Release|Any CPU
		{3911920F-4B27-4327-BA70-B52D73E23B65}.Release|Any CPU.Build.0 = Release|Any CPU
		{BCD00A55-92DC-42C2-9752-912DF3E0DCA1}.Debug|Any CPU.ActiveCfg = Debug|Any CPU
		{BCD00A55-92DC-42C2-9752-912DF3E0DCA1}.Debug|Any CPU.Build.0 = Debug|Any CPU
		{BCD00A55-92DC-42C2-9752-912DF3E0DCA1}.Release|Any CPU.ActiveCfg = Release|Any CPU
		{BCD00A55-92DC-42C2-9752-912DF3E0DCA1}.Release|Any CPU.Build.0 = Release|Any CPU
		{20EF4E19-F97D-4A2B-B00C-C2CA052A0AD5}.Debug|Any CPU.ActiveCfg = Debug|Any CPU
		{20EF4E19-F97D-4A2B-B00C-C2CA052A0AD5}.Debug|Any CPU.Build.0 = Debug|Any CPU
		{20EF4E19-F97D-4A2B-B00C-C2CA052A0AD5}.Release|Any CPU.ActiveCfg = Release|Any CPU
		{20EF4E19-F97D-4A2B-B00C-C2CA052A0AD5}.Release|Any CPU.Build.0 = Release|Any CPU
	EndGlobalSection
	GlobalSection(SolutionProperties) = preSolution
		HideSolutionNode = FALSE
	EndGlobalSection
	GlobalSection(NestedProjects) = preSolution
		{7C488B06-FA91-4679-BE42-87B0AAE8FA7D} = {F7FD621D-3439-4730-9218-6F2D8588676D}
		{4A4CC903-D500-4977-90D5-4DEB0AF438AB} = {F7FD621D-3439-4730-9218-6F2D8588676D}
		{3911920F-4B27-4327-BA70-B52D73E23B65} = {F7FD621D-3439-4730-9218-6F2D8588676D}
		{BCD00A55-92DC-42C2-9752-912DF3E0DCA1} = {F7FD621D-3439-4730-9218-6F2D8588676D}
		{68F9D9D2-0E09-4895-AA5B-39D978747224} = {F7FD621D-3439-4730-9218-6F2D8588676D}
		{20EF4E19-F97D-4A2B-B00C-C2CA052A0AD5} = {68F9D9D2-0E09-4895-AA5B-39D978747224}
	EndGlobalSection
	GlobalSection(ExtensibilityGlobals) = postSolution
		SolutionGuid = {81DC4BA6-82DB-446F-8F5B-C07817648CF8}
	EndGlobalSection
EndGlobal
